
Microsoft Visual Studio Solution File, Format Version 12.00
Project("{FAE04EC0-301F-11D3-BF4B-00C04F79EFBC}") = "BandR", "BandR\BandR.csproj", "{5FD78ECB-7145-4D9B-9096-6999B7C064DA}"
EndProject
Project("{2150E333-8FDC-42A3-9474-1A3956D46DE8}") = "Solution Items", "Solution Items", "{C30B2378-E780-4468-87AB-F142AAC029CD}"
	ProjectSection(SolutionItems) = preProject
		compose.yaml = compose.yaml
	EndProjectSection
EndProject
Project("{FAE04EC0-301F-11D3-BF4B-00C04F79EFBC}") = "BandR.Tests", "BandR.Tests\BandR.Tests.csproj", "{0BC0BB12-ECBF-4322-A1CE-C59153A389B4}"
EndProject
Global
	GlobalSection(SolutionConfigurationPlatforms) = preSolution
		Debug|Any CPU = Debug|Any CPU
		Debug|x64 = Debug|x64
		Debug|x86 = Debug|x86
		Release|Any CPU = Release|Any CPU
		Release|x64 = Release|x64
		Release|x86 = Release|x86
	EndGlobalSection
	GlobalSection(ProjectConfigurationPlatforms) = postSolution
		{5FD78ECB-7145-4D9B-9096-6999B7C064DA}.Debug|Any CPU.ActiveCfg = Debug|Any CPU
		{5FD78ECB-7145-4D9B-9096-6999B7C064DA}.Debug|Any CPU.Build.0 = Debug|Any CPU
		{5FD78ECB-7145-4D9B-9096-6999B7C064DA}.Debug|x64.ActiveCfg = Debug|Any CPU
		{5FD78ECB-7145-4D9B-9096-6999B7C064DA}.Debug|x64.Build.0 = Debug|Any CPU
		{5FD78ECB-7145-4D9B-9096-6999B7C064DA}.Debug|x86.ActiveCfg = Debug|Any CPU
		{5FD78ECB-7145-4D9B-9096-6999B7C064DA}.Debug|x86.Build.0 = Debug|Any CPU
		{5FD78ECB-7145-4D9B-9096-6999B7C064DA}.Release|Any CPU.ActiveCfg = Release|Any CPU
		{5FD78ECB-7145-4D9B-9096-6999B7C064DA}.Release|Any CPU.Build.0 = Release|Any CPU
		{5FD78ECB-7145-4D9B-9096-6999B7C064DA}.Release|x64.ActiveCfg = Release|Any CPU
		{5FD78ECB-7145-4D9B-9096-6999B7C064DA}.Release|x64.Build.0 = Release|Any CPU
		{5FD78ECB-7145-4D9B-9096-6999B7C064DA}.Release|x86.ActiveCfg = Release|Any CPU
		{5FD78ECB-7145-4D9B-9096-6999B7C064DA}.Release|x86.Build.0 = Release|Any CPU
		{0BC0BB12-ECBF-4322-A1CE-C59153A389B4}.Debug|Any CPU.ActiveCfg = Debug|Any CPU
		{0BC0BB12-ECBF-4322-A1CE-C59153A389B4}.Debug|Any CPU.Build.0 = Debug|Any CPU
		{0BC0BB12-ECBF-4322-A1CE-C59153A389B4}.Debug|x64.ActiveCfg = Debug|Any CPU
		{0BC0BB12-ECBF-4322-A1CE-C59153A389B4}.Debug|x64.Build.0 = Debug|Any CPU
		{0BC0BB12-ECBF-4322-A1CE-C59153A389B4}.Debug|x86.ActiveCfg = Debug|Any CPU
		{0BC0BB12-ECBF-4322-A1CE-C59153A389B4}.Debug|x86.Build.0 = Debug|Any CPU
		{0BC0BB12-ECBF-4322-A1CE-C59153A389B4}.Release|Any CPU.ActiveCfg = Release|Any CPU
		{0BC0BB12-ECBF-4322-A1CE-C59153A389B4}.Release|Any CPU.Build.0 = Release|Any CPU
		{0BC0BB12-ECBF-4322-A1CE-C59153A389B4}.Release|x64.ActiveCfg = Release|Any CPU
		{0BC0BB12-ECBF-4322-A1CE-C59153A389B4}.Release|x64.Build.0 = Release|Any CPU
		{0BC0BB12-ECBF-4322-A1CE-C59153A389B4}.Release|x86.ActiveCfg = Release|Any CPU
		{0BC0BB12-ECBF-4322-A1CE-C59153A389B4}.Release|x86.Build.0 = Release|Any CPU
	EndGlobalSection
	GlobalSection(SolutionProperties) = preSolution
		HideSolutionNode = FALSE
	EndGlobalSection
EndGlobal
