
Microsoft Visual Studio Solution File, Format Version 12.00
Project("{FAE04EC0-301F-11D3-BF4B-00C04F79EFBC}") = "BandR", "BandR\BandR.csproj", "{5FD78ECB-7145-4D9B-9096-6999B7C064DA}"
EndProject
Project("{2150E333-8FDC-42A3-9474-1A3956D46DE8}") = "Solution Items", "Solution Items", "{C30B2378-E780-4468-87AB-F142AAC029CD}"
	ProjectSection(SolutionItems) = preProject
		compose.yaml = compose.yaml
	EndProjectSection
EndProject
Global
	GlobalSection(SolutionConfigurationPlatforms) = preSolution
		Debug|Any CPU = Debug|Any CPU
		Release|Any CPU = Release|Any CPU
	EndGlobalSection
	GlobalSection(ProjectConfigurationPlatforms) = postSolution
		{5FD78ECB-7145-4D9B-9096-6999B7C064DA}.Debug|Any CPU.ActiveCfg = Debug|Any CPU
		{5FD78ECB-7145-4D9B-9096-6999B7C064DA}.Debug|Any CPU.Build.0 = Debug|Any CPU
		{5FD78ECB-7145-4D9B-9096-6999B7C064DA}.Release|Any CPU.ActiveCfg = Release|Any CPU
		{5FD78ECB-7145-4D9B-9096-6999B7C064DA}.Release|Any CPU.Build.0 = Release|Any CPU
	EndGlobalSection
EndGlobal
